
Microsoft Visual Studio Solution File, Format Version 12.00
# Visual Studio Version 17
VisualStudioVersion = 17.7.34024.191
MinimumVisualStudioVersion = 10.0.40219.1
Project("{FAE04EC0-301F-11D3-BF4B-00C04F79EFBC}") = "SE", "WebApplication1\SE.csproj", "{7D3100C2-C32F-4EAD-ABD0-8A09B3AE5467}"
EndProject
Global
	GlobalSection(SolutionConfigurationPlatforms) = preSolution
		Debug|Any CPU = Debug|Any CPU
		Release|Any CPU = Release|Any CPU
	EndGlobalSection
	GlobalSection(ProjectConfigurationPlatforms) = postSolution
		{7D3100C2-C32F-4EAD-ABD0-8A09B3AE5467}.Debug|Any CPU.ActiveCfg = Debug|Any CPU
		{7D3100C2-C32F-4EAD-ABD0-8A09B3AE5467}.Debug|Any CPU.Build.0 = Debug|Any CPU
		{7D3100C2-C32F-4EAD-ABD0-8A09B3AE5467}.Release|Any CPU.ActiveCfg = Release|Any CPU
		{7D3100C2-C32F-4EAD-ABD0-8A09B3AE5467}.Release|Any CPU.Build.0 = Release|Any CPU
	EndGlobalSection
	GlobalSection(SolutionProperties) = preSolution
		HideSolutionNode = FALSE
	EndGlobalSection
	GlobalSection(ExtensibilityGlobals) = postSolution
		SolutionGuid = {268547BD-C14F-494A-8C50-E04426D57F43}
	EndGlobalSection
EndGlobal
